// !$*UTF8*$!
{
	archiveVersion = 1;
	classes = {
	};
	objectVersion = 56;
	objects = {

/* Begin PBXBuildFile section */
		82086B1128D2B58400EEF344 /* CardsApp.swift in Sources */ = {isa = PBXBuildFile; fileRef = 82086B1028D2B58400EEF344 /* CardsApp.swift */; };
		82086B1328D2B58400EEF344 /* LayoutView.swift in Sources */ = {isa = PBXBuildFile; fileRef = 82086B1228D2B58400EEF344 /* LayoutView.swift */; };
		82086B1528D2B58500EEF344 /* Assets.xcassets in Resources */ = {isa = PBXBuildFile; fileRef = 82086B1428D2B58500EEF344 /* Assets.xcassets */; };
		82086B1828D2B58500EEF344 /* Preview Assets.xcassets in Resources */ = {isa = PBXBuildFile; fileRef = 82086B1728D2B58500EEF344 /* Preview Assets.xcassets */; };
		82086B2028D2B6E400EEF344 /* CardsListView.swift in Sources */ = {isa = PBXBuildFile; fileRef = 82086B1F28D2B6E400EEF344 /* CardsListView.swift */; };
		82086B2228D2BA9500EEF344 /* CardThumbnail.swift in Sources */ = {isa = PBXBuildFile; fileRef = 82086B2128D2BA9500EEF344 /* CardThumbnail.swift */; };
		82086B2428D2BB0000EEF344 /* SingleCardView.swift in Sources */ = {isa = PBXBuildFile; fileRef = 82086B2328D2BB0000EEF344 /* SingleCardView.swift */; };
		82086B2828D2E81200EEF344 /* ToolbarSelection.swift in Sources */ = {isa = PBXBuildFile; fileRef = 82086B2728D2E81200EEF344 /* ToolbarSelection.swift */; };
		82086B2A28D2E86A00EEF344 /* BottomToolbar.swift in Sources */ = {isa = PBXBuildFile; fileRef = 82086B2928D2E86A00EEF344 /* BottomToolbar.swift */; };
		82086B2F28D5977B00EEF344 /* ResizableView.swift in Sources */ = {isa = PBXBuildFile; fileRef = 82086B2E28D5977B00EEF344 /* ResizableView.swift */; };
		82086B3128D598F000EEF344 /* Transform.swift in Sources */ = {isa = PBXBuildFile; fileRef = 82086B3028D598F000EEF344 /* Transform.swift */; };
		82086B3328D59B8400EEF344 /* Operators.swift in Sources */ = {isa = PBXBuildFile; fileRef = 82086B3228D59B8400EEF344 /* Operators.swift */; };
		82086B3628D7F2DB00EEF344 /* Settings.swift in Sources */ = {isa = PBXBuildFile; fileRef = 82086B3528D7F2DB00EEF344 /* Settings.swift */; };
		82086B3928D7F39F00EEF344 /* ColorExtensions.swift in Sources */ = {isa = PBXBuildFile; fileRef = 82086B3828D7F39F00EEF344 /* ColorExtensions.swift */; };
		82086B3B28D7F60500EEF344 /* CardToolbar.swift in Sources */ = {isa = PBXBuildFile; fileRef = 82086B3A28D7F60500EEF344 /* CardToolbar.swift */; };
		82086B3E28D80BBB00EEF344 /* PreviewData.swift in Sources */ = {isa = PBXBuildFile; fileRef = 82086B3D28D80BBB00EEF344 /* PreviewData.swift */; };
		82086B4028D80BEB00EEF344 /* TextExtensions.swift in Sources */ = {isa = PBXBuildFile; fileRef = 82086B3F28D80BEB00EEF344 /* TextExtensions.swift */; };
		82086B4228D80CA600EEF344 /* CardElement.swift in Sources */ = {isa = PBXBuildFile; fileRef = 82086B4128D80CA600EEF344 /* CardElement.swift */; };
		82086B4428D80CB400EEF344 /* Card.swift in Sources */ = {isa = PBXBuildFile; fileRef = 82086B4328D80CB400EEF344 /* Card.swift */; };
		82086B4628D80CE500EEF344 /* CardStore.swift in Sources */ = {isa = PBXBuildFile; fileRef = 82086B4528D80CE500EEF344 /* CardStore.swift */; };
		82086B4828D83CE700EEF344 /* CardDetailView.swift in Sources */ = {isa = PBXBuildFile; fileRef = 82086B4728D83CE700EEF344 /* CardDetailView.swift */; };
		82086B4A28D83DE500EEF344 /* CardElementView.swift in Sources */ = {isa = PBXBuildFile; fileRef = 82086B4928D83DE500EEF344 /* CardElementView.swift */; };
		82086B7428DA84B300EEF344 /* Stickers in Resources */ = {isa = PBXBuildFile; fileRef = 82086B7328DA84B300EEF344 /* Stickers */; };
		82086B7928DA86C300EEF344 /* StickerModal.swift in Sources */ = {isa = PBXBuildFile; fileRef = 82086B7828DA86C300EEF344 /* StickerModal.swift */; };
		823FB4B728EBBB1F00FAEDFE /* Shapes.swift in Sources */ = {isa = PBXBuildFile; fileRef = 823FB4B628EBBB1F00FAEDFE /* Shapes.swift */; };
		823FB4B928EBBF4E00FAEDFE /* FrameModal.swift in Sources */ = {isa = PBXBuildFile; fileRef = 823FB4B828EBBF4E00FAEDFE /* FrameModal.swift */; };
		823FB4BB28ECF79700FAEDFE /* CardModalSheet.swift in Sources */ = {isa = PBXBuildFile; fileRef = 823FB4BA28ECF79700FAEDFE /* CardModalSheet.swift */; };
		8245EA6028F3A6E100D733F5 /* AngleExtensions.swift in Sources */ = {isa = PBXBuildFile; fileRef = 8245EA5F28F3A6E100D733F5 /* AngleExtensions.swift */; };
		8245EA6628F3D92800D733F5 /* TextModal.swift in Sources */ = {isa = PBXBuildFile; fileRef = 8245EA6528F3D92800D733F5 /* TextModal.swift */; };
		82C4453C28E283EE0033898A /* PhotosModal.swift in Sources */ = {isa = PBXBuildFile; fileRef = 82C4453B28E283EE0033898A /* PhotosModal.swift */; };
		82C4454028E3EABF0033898A /* UIImageExtensions.swift in Sources */ = {isa = PBXBuildFile; fileRef = 82C4453F28E3EABF0033898A /* UIImageExtensions.swift */; };
		82C4454228E522310033898A /* CustomTransfer.swift in Sources */ = {isa = PBXBuildFile; fileRef = 82C4454128E522310033898A /* CustomTransfer.swift */; };
		82C4454428E5501E0033898A /* ElementContextMenu.swift in Sources */ = {isa = PBXBuildFile; fileRef = 82C4454328E5501E0033898A /* ElementContextMenu.swift */; };
/* End PBXBuildFile section */

/* Begin PBXFileReference section */
		82086B0D28D2B58400EEF344 /* Cards.app */ = {isa = PBXFileReference; explicitFileType = wrapper.application; includeInIndex = 0; path = Cards.app; sourceTree = BUILT_PRODUCTS_DIR; };
		82086B1028D2B58400EEF344 /* CardsApp.swift */ = {isa = PBXFileReference; lastKnownFileType = sourcecode.swift; path = CardsApp.swift; sourceTree = "<group>"; };
		82086B1228D2B58400EEF344 /* LayoutView.swift */ = {isa = PBXFileReference; lastKnownFileType = sourcecode.swift; path = LayoutView.swift; sourceTree = "<group>"; };
		82086B1428D2B58500EEF344 /* Assets.xcassets */ = {isa = PBXFileReference; lastKnownFileType = folder.assetcatalog; path = Assets.xcassets; sourceTree = "<group>"; };
		82086B1728D2B58500EEF344 /* Preview Assets.xcassets */ = {isa = PBXFileReference; lastKnownFileType = folder.assetcatalog; path = "Preview Assets.xcassets"; sourceTree = "<group>"; };
		82086B1F28D2B6E400EEF344 /* CardsListView.swift */ = {isa = PBXFileReference; lastKnownFileType = sourcecode.swift; path = CardsListView.swift; sourceTree = "<group>"; };
		82086B2128D2BA9500EEF344 /* CardThumbnail.swift */ = {isa = PBXFileReference; lastKnownFileType = sourcecode.swift; path = CardThumbnail.swift; sourceTree = "<group>"; };
		82086B2328D2BB0000EEF344 /* SingleCardView.swift */ = {isa = PBXFileReference; lastKnownFileType = sourcecode.swift; path = SingleCardView.swift; sourceTree = "<group>"; };
		82086B2728D2E81200EEF344 /* ToolbarSelection.swift */ = {isa = PBXFileReference; lastKnownFileType = sourcecode.swift; path = ToolbarSelection.swift; sourceTree = "<group>"; };
		82086B2928D2E86A00EEF344 /* BottomToolbar.swift */ = {isa = PBXFileReference; lastKnownFileType = sourcecode.swift; path = BottomToolbar.swift; sourceTree = "<group>"; };
		82086B2E28D5977B00EEF344 /* ResizableView.swift */ = {isa = PBXFileReference; lastKnownFileType = sourcecode.swift; path = ResizableView.swift; sourceTree = "<group>"; };
		82086B3028D598F000EEF344 /* Transform.swift */ = {isa = PBXFileReference; lastKnownFileType = sourcecode.swift; path = Transform.swift; sourceTree = "<group>"; };
		82086B3228D59B8400EEF344 /* Operators.swift */ = {isa = PBXFileReference; lastKnownFileType = sourcecode.swift; path = Operators.swift; sourceTree = "<group>"; };
		82086B3528D7F2DB00EEF344 /* Settings.swift */ = {isa = PBXFileReference; lastKnownFileType = sourcecode.swift; path = Settings.swift; sourceTree = "<group>"; };
		82086B3828D7F39F00EEF344 /* ColorExtensions.swift */ = {isa = PBXFileReference; lastKnownFileType = sourcecode.swift; path = ColorExtensions.swift; sourceTree = "<group>"; };
		82086B3A28D7F60500EEF344 /* CardToolbar.swift */ = {isa = PBXFileReference; lastKnownFileType = sourcecode.swift; path = CardToolbar.swift; sourceTree = "<group>"; };
		82086B3C28D80B6800EEF344 /* license.txt */ = {isa = PBXFileReference; lastKnownFileType = text; path = license.txt; sourceTree = "<group>"; };
		82086B3D28D80BBB00EEF344 /* PreviewData.swift */ = {isa = PBXFileReference; lastKnownFileType = sourcecode.swift; path = PreviewData.swift; sourceTree = "<group>"; };
		82086B3F28D80BEB00EEF344 /* TextExtensions.swift */ = {isa = PBXFileReference; lastKnownFileType = sourcecode.swift; path = TextExtensions.swift; sourceTree = "<group>"; };
		82086B4128D80CA600EEF344 /* CardElement.swift */ = {isa = PBXFileReference; lastKnownFileType = sourcecode.swift; path = CardElement.swift; sourceTree = "<group>"; };
		82086B4328D80CB400EEF344 /* Card.swift */ = {isa = PBXFileReference; lastKnownFileType = sourcecode.swift; path = Card.swift; sourceTree = "<group>"; };
		82086B4528D80CE500EEF344 /* CardStore.swift */ = {isa = PBXFileReference; lastKnownFileType = sourcecode.swift; path = CardStore.swift; sourceTree = "<group>"; };
		82086B4728D83CE700EEF344 /* CardDetailView.swift */ = {isa = PBXFileReference; lastKnownFileType = sourcecode.swift; path = CardDetailView.swift; sourceTree = "<group>"; };
		82086B4928D83DE500EEF344 /* CardElementView.swift */ = {isa = PBXFileReference; lastKnownFileType = sourcecode.swift; path = CardElementView.swift; sourceTree = "<group>"; };
		82086B6928D98DE100EEF344 /* Info.plist */ = {isa = PBXFileReference; lastKnownFileType = text.plist; path = Info.plist; sourceTree = "<group>"; };
		82086B7328DA84B300EEF344 /* Stickers */ = {isa = PBXFileReference; lastKnownFileType = folder; path = Stickers; sourceTree = "<group>"; };
		82086B7828DA86C300EEF344 /* StickerModal.swift */ = {isa = PBXFileReference; lastKnownFileType = sourcecode.swift; path = StickerModal.swift; sourceTree = "<group>"; };
		823FB4B628EBBB1F00FAEDFE /* Shapes.swift */ = {isa = PBXFileReference; lastKnownFileType = sourcecode.swift; path = Shapes.swift; sourceTree = "<group>"; };
		823FB4B828EBBF4E00FAEDFE /* FrameModal.swift */ = {isa = PBXFileReference; lastKnownFileType = sourcecode.swift; path = FrameModal.swift; sourceTree = "<group>"; };
		823FB4BA28ECF79700FAEDFE /* CardModalSheet.swift */ = {isa = PBXFileReference; lastKnownFileType = sourcecode.swift; path = CardModalSheet.swift; sourceTree = "<group>"; };
		8245EA5F28F3A6E100D733F5 /* AngleExtensions.swift */ = {isa = PBXFileReference; lastKnownFileType = sourcecode.swift; path = AngleExtensions.swift; sourceTree = "<group>"; };
		8245EA6528F3D92800D733F5 /* TextModal.swift */ = {isa = PBXFileReference; lastKnownFileType = sourcecode.swift; path = TextModal.swift; sourceTree = "<group>"; };
		82C4453B28E283EE0033898A /* PhotosModal.swift */ = {isa = PBXFileReference; lastKnownFileType = sourcecode.swift; path = PhotosModal.swift; sourceTree = "<group>"; };
		82C4453F28E3EABF0033898A /* UIImageExtensions.swift */ = {isa = PBXFileReference; lastKnownFileType = sourcecode.swift; path = UIImageExtensions.swift; sourceTree = "<group>"; };
		82C4454128E522310033898A /* CustomTransfer.swift */ = {isa = PBXFileReference; lastKnownFileType = sourcecode.swift; path = CustomTransfer.swift; sourceTree = "<group>"; };
		82C4454328E5501E0033898A /* ElementContextMenu.swift */ = {isa = PBXFileReference; lastKnownFileType = sourcecode.swift; path = ElementContextMenu.swift; sourceTree = "<group>"; };
/* End PBXFileReference section */

/* Begin PBXFrameworksBuildPhase section */
		82086B0A28D2B58400EEF344 /* Frameworks */ = {
			isa = PBXFrameworksBuildPhase;
			buildActionMask = 2147483647;
			files = (
			);
			runOnlyForDeploymentPostprocessing = 0;
		};
/* End PBXFrameworksBuildPhase section */

/* Begin PBXGroup section */
		82086B0428D2B58400EEF344 = {
			isa = PBXGroup;
			children = (
				82086B0F28D2B58400EEF344 /* Cards */,
				82086B0E28D2B58400EEF344 /* Products */,
			);
			sourceTree = "<group>";
		};
		82086B0E28D2B58400EEF344 /* Products */ = {
			isa = PBXGroup;
			children = (
				82086B0D28D2B58400EEF344 /* Cards.app */,
			);
			name = Products;
			sourceTree = "<group>";
		};
		82086B0F28D2B58400EEF344 /* Cards */ = {
			isa = PBXGroup;
			children = (
				82086B6928D98DE100EEF344 /* Info.plist */,
				82086B1028D2B58400EEF344 /* CardsApp.swift */,
				82086B2B28D5764600EEF344 /* Views */,
				82086B2D28D5769000EEF344 /* Model */,
				82086B3428D7F2CD00EEF344 /* Config */,
				82086B3728D7F38D00EEF344 /* Extensions */,
				82086B7328DA84B300EEF344 /* Stickers */,
				82086B1428D2B58500EEF344 /* Assets.xcassets */,
				82086B1628D2B58500EEF344 /* Preview Content */,
			);
			path = Cards;
			sourceTree = "<group>";
		};
		82086B1628D2B58500EEF344 /* Preview Content */ = {
			isa = PBXGroup;
			children = (
				82086B1728D2B58500EEF344 /* Preview Assets.xcassets */,
				82086B3D28D80BBB00EEF344 /* PreviewData.swift */,
			);
			path = "Preview Content";
			sourceTree = "<group>";
		};
		82086B2B28D5764600EEF344 /* Views */ = {
			isa = PBXGroup;
			children = (
				82086B1228D2B58400EEF344 /* LayoutView.swift */,
				82086B1F28D2B6E400EEF344 /* CardsListView.swift */,
				82086B2128D2BA9500EEF344 /* CardThumbnail.swift */,
				82086B2E28D5977B00EEF344 /* ResizableView.swift */,
				82086B2C28D5765800EEF344 /* Single Card Views */,
			);
			path = Views;
			sourceTree = "<group>";
		};
		82086B2C28D5765800EEF344 /* Single Card Views */ = {
			isa = PBXGroup;
			children = (
				82086B2328D2BB0000EEF344 /* SingleCardView.swift */,
				82086B4728D83CE700EEF344 /* CardDetailView.swift */,
				82086B4928D83DE500EEF344 /* CardElementView.swift */,
				82086B2928D2E86A00EEF344 /* BottomToolbar.swift */,
				82086B3A28D7F60500EEF344 /* CardToolbar.swift */,
				823FB4BA28ECF79700FAEDFE /* CardModalSheet.swift */,
				82C4454328E5501E0033898A /* ElementContextMenu.swift */,
				82086B7528DA85B200EEF344 /* Card Modal Views */,
			);
			path = "Single Card Views";
			sourceTree = "<group>";
		};
		82086B2D28D5769000EEF344 /* Model */ = {
			isa = PBXGroup;
			children = (
				82086B2728D2E81200EEF344 /* ToolbarSelection.swift */,
				82086B3028D598F000EEF344 /* Transform.swift */,
				82086B3228D59B8400EEF344 /* Operators.swift */,
				82086B4128D80CA600EEF344 /* CardElement.swift */,
				82086B4328D80CB400EEF344 /* Card.swift */,
				82086B4528D80CE500EEF344 /* CardStore.swift */,
				82C4454128E522310033898A /* CustomTransfer.swift */,
				823FB4B628EBBB1F00FAEDFE /* Shapes.swift */,
			);
			path = Model;
			sourceTree = "<group>";
		};
		82086B3428D7F2CD00EEF344 /* Config */ = {
			isa = PBXGroup;
			children = (
				82086B3528D7F2DB00EEF344 /* Settings.swift */,
				82086B3C28D80B6800EEF344 /* license.txt */,
			);
			path = Config;
			sourceTree = "<group>";
		};
		82086B3728D7F38D00EEF344 /* Extensions */ = {
			isa = PBXGroup;
			children = (
				82086B3828D7F39F00EEF344 /* ColorExtensions.swift */,
				82086B3F28D80BEB00EEF344 /* TextExtensions.swift */,
				82C4453F28E3EABF0033898A /* UIImageExtensions.swift */,
				8245EA5F28F3A6E100D733F5 /* AngleExtensions.swift */,
			);
			path = Extensions;
			sourceTree = "<group>";
		};
		82086B7528DA85B200EEF344 /* Card Modal Views */ = {
			isa = PBXGroup;
			children = (
				82086B7828DA86C300EEF344 /* StickerModal.swift */,
				82C4453B28E283EE0033898A /* PhotosModal.swift */,
				823FB4B828EBBF4E00FAEDFE /* FrameModal.swift */,
				8245EA6528F3D92800D733F5 /* TextModal.swift */,
			);
			path = "Card Modal Views";
			sourceTree = "<group>";
		};
/* End PBXGroup section */

/* Begin PBXNativeTarget section */
		82086B0C28D2B58400EEF344 /* Cards */ = {
			isa = PBXNativeTarget;
			buildConfigurationList = 82086B1B28D2B58500EEF344 /* Build configuration list for PBXNativeTarget "Cards" */;
			buildPhases = (
				82086B0928D2B58400EEF344 /* Sources */,
				82086B0A28D2B58400EEF344 /* Frameworks */,
				82086B0B28D2B58400EEF344 /* Resources */,
				82086B1E28D2B5EE00EEF344 /* Run Lint Script */,
			);
			buildRules = (
			);
			dependencies = (
			);
			name = Cards;
			productName = Cards;
			productReference = 82086B0D28D2B58400EEF344 /* Cards.app */;
			productType = "com.apple.product-type.application";
		};
/* End PBXNativeTarget section */

/* Begin PBXProject section */
		82086B0528D2B58400EEF344 /* Project object */ = {
			isa = PBXProject;
			attributes = {
				BuildIndependentTargetsInParallel = 1;
				LastSwiftUpdateCheck = 1400;
				LastUpgradeCheck = 1400;
				TargetAttributes = {
					82086B0C28D2B58400EEF344 = {
						CreatedOnToolsVersion = 14.0;
					};
				};
			};
			buildConfigurationList = 82086B0828D2B58400EEF344 /* Build configuration list for PBXProject "Cards" */;
			compatibilityVersion = "Xcode 14.0";
			developmentRegion = en;
			hasScannedForEncodings = 0;
			knownRegions = (
				en,
				Base,
			);
			mainGroup = 82086B0428D2B58400EEF344;
			productRefGroup = 82086B0E28D2B58400EEF344 /* Products */;
			projectDirPath = "";
			projectRoot = "";
			targets = (
				82086B0C28D2B58400EEF344 /* Cards */,
			);
		};
/* End PBXProject section */

/* Begin PBXResourcesBuildPhase section */
		82086B0B28D2B58400EEF344 /* Resources */ = {
			isa = PBXResourcesBuildPhase;
			buildActionMask = 2147483647;
			files = (
				82086B1828D2B58500EEF344 /* Preview Assets.xcassets in Resources */,
				82086B7428DA84B300EEF344 /* Stickers in Resources */,
				82086B1528D2B58500EEF344 /* Assets.xcassets in Resources */,
			);
			runOnlyForDeploymentPostprocessing = 0;
		};
/* End PBXResourcesBuildPhase section */

/* Begin PBXShellScriptBuildPhase section */
		82086B1E28D2B5EE00EEF344 /* Run Lint Script */ = {
			isa = PBXShellScriptBuildPhase;
			alwaysOutOfDate = 1;
			buildActionMask = 2147483647;
			files = (
			);
			inputFileListPaths = (
			);
			inputPaths = (
			);
			name = "Run Lint Script";
			outputFileListPaths = (
			);
			outputPaths = (
			);
			runOnlyForDeploymentPostprocessing = 0;
			shellPath = /bin/sh;
			shellScript = "PATH=/opt/homebrew/bin:$PATH\nif [ -f ~/com.raywenderlich.swiftlint.yml ]; then\n  if which swiftlint >/dev/null; then\n    swiftlint --no-cache --config ~/com.raywenderlich.swiftlint.yml\n  fi\nfi\n";
		};
/* End PBXShellScriptBuildPhase section */

/* Begin PBXSourcesBuildPhase section */
		82086B0928D2B58400EEF344 /* Sources */ = {
			isa = PBXSourcesBuildPhase;
			buildActionMask = 2147483647;
			files = (
				82086B4828D83CE700EEF344 /* CardDetailView.swift in Sources */,
				82086B4228D80CA600EEF344 /* CardElement.swift in Sources */,
				82086B7928DA86C300EEF344 /* StickerModal.swift in Sources */,
				82086B2228D2BA9500EEF344 /* CardThumbnail.swift in Sources */,
				82086B3328D59B8400EEF344 /* Operators.swift in Sources */,
				823FB4B928EBBF4E00FAEDFE /* FrameModal.swift in Sources */,
				82086B3B28D7F60500EEF344 /* CardToolbar.swift in Sources */,
				82086B1328D2B58400EEF344 /* LayoutView.swift in Sources */,
				8245EA6028F3A6E100D733F5 /* AngleExtensions.swift in Sources */,
				82C4454028E3EABF0033898A /* UIImageExtensions.swift in Sources */,
				82086B4028D80BEB00EEF344 /* TextExtensions.swift in Sources */,
				82086B4428D80CB400EEF344 /* Card.swift in Sources */,
				82C4454428E5501E0033898A /* ElementContextMenu.swift in Sources */,
				823FB4BB28ECF79700FAEDFE /* CardModalSheet.swift in Sources */,
				8245EA6628F3D92800D733F5 /* TextModal.swift in Sources */,
				82086B3E28D80BBB00EEF344 /* PreviewData.swift in Sources */,
				82086B2F28D5977B00EEF344 /* ResizableView.swift in Sources */,
				82086B2028D2B6E400EEF344 /* CardsListView.swift in Sources */,
				82086B2428D2BB0000EEF344 /* SingleCardView.swift in Sources */,
				82086B2828D2E81200EEF344 /* ToolbarSelection.swift in Sources */,
				82086B2A28D2E86A00EEF344 /* BottomToolbar.swift in Sources */,
				82086B3128D598F000EEF344 /* Transform.swift in Sources */,
				82086B4A28D83DE500EEF344 /* CardElementView.swift in Sources */,
				82086B3628D7F2DB00EEF344 /* Settings.swift in Sources */,
				82086B4628D80CE500EEF344 /* CardStore.swift in Sources */,
				82086B1128D2B58400EEF344 /* CardsApp.swift in Sources */,
				82C4453C28E283EE0033898A /* PhotosModal.swift in Sources */,
				823FB4B728EBBB1F00FAEDFE /* Shapes.swift in Sources */,
				82086B3928D7F39F00EEF344 /* ColorExtensions.swift in Sources */,
				82C4454228E522310033898A /* CustomTransfer.swift in Sources */,
			);
			runOnlyForDeploymentPostprocessing = 0;
		};
/* End PBXSourcesBuildPhase section */

/* Begin XCBuildConfiguration section */
		82086B1928D2B58500EEF344 /* Debug */ = {
			isa = XCBuildConfiguration;
			buildSettings = {
				ALWAYS_SEARCH_USER_PATHS = NO;
				CLANG_ANALYZER_NONNULL = YES;
				CLANG_ANALYZER_NUMBER_OBJECT_CONVERSION = YES_AGGRESSIVE;
				CLANG_CXX_LANGUAGE_STANDARD = "gnu++20";
				CLANG_ENABLE_MODULES = YES;
				CLANG_ENABLE_OBJC_ARC = YES;
				CLANG_ENABLE_OBJC_WEAK = YES;
				CLANG_WARN_BLOCK_CAPTURE_AUTORELEASING = YES;
				CLANG_WARN_BOOL_CONVERSION = YES;
				CLANG_WARN_COMMA = YES;
				CLANG_WARN_CONSTANT_CONVERSION = YES;
				CLANG_WARN_DEPRECATED_OBJC_IMPLEMENTATIONS = YES;
				CLANG_WARN_DIRECT_OBJC_ISA_USAGE = YES_ERROR;
				CLANG_WARN_DOCUMENTATION_COMMENTS = YES;
				CLANG_WARN_EMPTY_BODY = YES;
				CLANG_WARN_ENUM_CONVERSION = YES;
				CLANG_WARN_INFINITE_RECURSION = YES;
				CLANG_WARN_INT_CONVERSION = YES;
				CLANG_WARN_NON_LITERAL_NULL_CONVERSION = YES;
				CLANG_WARN_OBJC_IMPLICIT_RETAIN_SELF = YES;
				CLANG_WARN_OBJC_LITERAL_CONVERSION = YES;
				CLANG_WARN_OBJC_ROOT_CLASS = YES_ERROR;
				CLANG_WARN_QUOTED_INCLUDE_IN_FRAMEWORK_HEADER = YES;
				CLANG_WARN_RANGE_LOOP_ANALYSIS = YES;
				CLANG_WARN_STRICT_PROTOTYPES = YES;
				CLANG_WARN_SUSPICIOUS_MOVE = YES;
				CLANG_WARN_UNGUARDED_AVAILABILITY = YES_AGGRESSIVE;
				CLANG_WARN_UNREACHABLE_CODE = YES;
				CLANG_WARN__DUPLICATE_METHOD_MATCH = YES;
				COPY_PHASE_STRIP = NO;
				DEBUG_INFORMATION_FORMAT = dwarf;
				ENABLE_STRICT_OBJC_MSGSEND = YES;
				ENABLE_TESTABILITY = YES;
				GCC_C_LANGUAGE_STANDARD = gnu11;
				GCC_DYNAMIC_NO_PIC = NO;
				GCC_NO_COMMON_BLOCKS = YES;
				GCC_OPTIMIZATION_LEVEL = 0;
				GCC_PREPROCESSOR_DEFINITIONS = (
					"DEBUG=1",
					"$(inherited)",
				);
				GCC_WARN_64_TO_32_BIT_CONVERSION = YES;
				GCC_WARN_ABOUT_RETURN_TYPE = YES_ERROR;
				GCC_WARN_UNDECLARED_SELECTOR = YES;
				GCC_WARN_UNINITIALIZED_AUTOS = YES_AGGRESSIVE;
				GCC_WARN_UNUSED_FUNCTION = YES;
				GCC_WARN_UNUSED_VARIABLE = YES;
				IPHONEOS_DEPLOYMENT_TARGET = 16.0;
				MTL_ENABLE_DEBUG_INFO = INCLUDE_SOURCE;
				MTL_FAST_MATH = YES;
				ONLY_ACTIVE_ARCH = YES;
				SDKROOT = iphoneos;
				SWIFT_ACTIVE_COMPILATION_CONDITIONS = DEBUG;
				SWIFT_OPTIMIZATION_LEVEL = "-Onone";
			};
			name = Debug;
		};
		82086B1A28D2B58500EEF344 /* Release */ = {
			isa = XCBuildConfiguration;
			buildSettings = {
				ALWAYS_SEARCH_USER_PATHS = NO;
				CLANG_ANALYZER_NONNULL = YES;
				CLANG_ANALYZER_NUMBER_OBJECT_CONVERSION = YES_AGGRESSIVE;
				CLANG_CXX_LANGUAGE_STANDARD = "gnu++20";
				CLANG_ENABLE_MODULES = YES;
				CLANG_ENABLE_OBJC_ARC = YES;
				CLANG_ENABLE_OBJC_WEAK = YES;
				CLANG_WARN_BLOCK_CAPTURE_AUTORELEASING = YES;
				CLANG_WARN_BOOL_CONVERSION = YES;
				CLANG_WARN_COMMA = YES;
				CLANG_WARN_CONSTANT_CONVERSION = YES;
				CLANG_WARN_DEPRECATED_OBJC_IMPLEMENTATIONS = YES;
				CLANG_WARN_DIRECT_OBJC_ISA_USAGE = YES_ERROR;
				CLANG_WARN_DOCUMENTATION_COMMENTS = YES;
				CLANG_WARN_EMPTY_BODY = YES;
				CLANG_WARN_ENUM_CONVERSION = YES;
				CLANG_WARN_INFINITE_RECURSION = YES;
				CLANG_WARN_INT_CONVERSION = YES;
				CLANG_WARN_NON_LITERAL_NULL_CONVERSION = YES;
				CLANG_WARN_OBJC_IMPLICIT_RETAIN_SELF = YES;
				CLANG_WARN_OBJC_LITERAL_CONVERSION = YES;
				CLANG_WARN_OBJC_ROOT_CLASS = YES_ERROR;
				CLANG_WARN_QUOTED_INCLUDE_IN_FRAMEWORK_HEADER = YES;
				CLANG_WARN_RANGE_LOOP_ANALYSIS = YES;
				CLANG_WARN_STRICT_PROTOTYPES = YES;
				CLANG_WARN_SUSPICIOUS_MOVE = YES;
				CLANG_WARN_UNGUARDED_AVAILABILITY = YES_AGGRESSIVE;
				CLANG_WARN_UNREACHABLE_CODE = YES;
				CLANG_WARN__DUPLICATE_METHOD_MATCH = YES;
				COPY_PHASE_STRIP = NO;
				DEBUG_INFORMATION_FORMAT = "dwarf-with-dsym";
				ENABLE_NS_ASSERTIONS = NO;
				ENABLE_STRICT_OBJC_MSGSEND = YES;
				GCC_C_LANGUAGE_STANDARD = gnu11;
				GCC_NO_COMMON_BLOCKS = YES;
				GCC_WARN_64_TO_32_BIT_CONVERSION = YES;
				GCC_WARN_ABOUT_RETURN_TYPE = YES_ERROR;
				GCC_WARN_UNDECLARED_SELECTOR = YES;
				GCC_WARN_UNINITIALIZED_AUTOS = YES_AGGRESSIVE;
				GCC_WARN_UNUSED_FUNCTION = YES;
				GCC_WARN_UNUSED_VARIABLE = YES;
				IPHONEOS_DEPLOYMENT_TARGET = 16.0;
				MTL_ENABLE_DEBUG_INFO = NO;
				MTL_FAST_MATH = YES;
				SDKROOT = iphoneos;
				SWIFT_COMPILATION_MODE = wholemodule;
				SWIFT_OPTIMIZATION_LEVEL = "-O";
				VALIDATE_PRODUCT = YES;
			};
			name = Release;
		};
		82086B1C28D2B58500EEF344 /* Debug */ = {
			isa = XCBuildConfiguration;
			buildSettings = {
				ASSETCATALOG_COMPILER_APPICON_NAME = AppIcon;
				ASSETCATALOG_COMPILER_GLOBAL_ACCENT_COLOR_NAME = AccentColor;
				ASSETCATALOG_COMPILER_INCLUDE_ALL_APPICON_ASSETS = NO;
				CODE_SIGN_STYLE = Automatic;
				CURRENT_PROJECT_VERSION = 1;
				DEVELOPMENT_ASSET_PATHS = "\"Cards/Preview Content\"";
				DEVELOPMENT_TEAM = "";
				ENABLE_PREVIEWS = YES;
				GENERATE_INFOPLIST_FILE = YES;
				INFOPLIST_FILE = Cards/Info.plist;
				INFOPLIST_KEY_UIApplicationSceneManifest_Generation = YES;
				INFOPLIST_KEY_UIApplicationSupportsIndirectInputEvents = YES;
				INFOPLIST_KEY_UISupportedInterfaceOrientations_iPad = "UIInterfaceOrientationPortrait UIInterfaceOrientationPortraitUpsideDown UIInterfaceOrientationLandscapeLeft UIInterfaceOrientationLandscapeRight";
				INFOPLIST_KEY_UISupportedInterfaceOrientations_iPhone = "UIInterfaceOrientationPortrait UIInterfaceOrientationLandscapeLeft UIInterfaceOrientationLandscapeRight";
				LD_RUNPATH_SEARCH_PATHS = (
					"$(inherited)",
					"@executable_path/Frameworks",
				);
				MARKETING_VERSION = 1.0;
				PRODUCT_BUNDLE_IDENTIFIER = Kodeco.Cards;
				PRODUCT_NAME = "$(TARGET_NAME)";
				SWIFT_EMIT_LOC_STRINGS = YES;
				SWIFT_VERSION = 5.0;
				TARGETED_DEVICE_FAMILY = "1,2";
			};
			name = Debug;
		};
		82086B1D28D2B58500EEF344 /* Release */ = {
			isa = XCBuildConfiguration;
			buildSettings = {
				ASSETCATALOG_COMPILER_APPICON_NAME = AppIcon;
				ASSETCATALOG_COMPILER_GLOBAL_ACCENT_COLOR_NAME = AccentColor;
				ASSETCATALOG_COMPILER_INCLUDE_ALL_APPICON_ASSETS = NO;
				CODE_SIGN_STYLE = Automatic;
				CURRENT_PROJECT_VERSION = 1;
				DEVELOPMENT_ASSET_PATHS = "\"Cards/Preview Content\"";
				DEVELOPMENT_TEAM = "";
				ENABLE_PREVIEWS = YES;
				GENERATE_INFOPLIST_FILE = YES;
				INFOPLIST_FILE = Cards/Info.plist;
				INFOPLIST_KEY_UIApplicationSceneManifest_Generation = YES;
				INFOPLIST_KEY_UIApplicationSupportsIndirectInputEvents = YES;
				INFOPLIST_KEY_UISupportedInterfaceOrientations_iPad = "UIInterfaceOrientationPortrait UIInterfaceOrientationPortraitUpsideDown UIInterfaceOrientationLandscapeLeft UIInterfaceOrientationLandscapeRight";
				INFOPLIST_KEY_UISupportedInterfaceOrientations_iPhone = "UIInterfaceOrientationPortrait UIInterfaceOrientationLandscapeLeft UIInterfaceOrientationLandscapeRight";
				LD_RUNPATH_SEARCH_PATHS = (
					"$(inherited)",
					"@executable_path/Frameworks",
				);
				MARKETING_VERSION = 1.0;
				PRODUCT_BUNDLE_IDENTIFIER = Kodeco.Cards;
				PRODUCT_NAME = "$(TARGET_NAME)";
				SWIFT_EMIT_LOC_STRINGS = YES;
				SWIFT_VERSION = 5.0;
				TARGETED_DEVICE_FAMILY = "1,2";
			};
			name = Release;
		};
/* End XCBuildConfiguration section */

/* Begin XCConfigurationList section */
		82086B0828D2B58400EEF344 /* Build configuration list for PBXProject "Cards" */ = {
			isa = XCConfigurationList;
			buildConfigurations = (
				82086B1928D2B58500EEF344 /* Debug */,
				82086B1A28D2B58500EEF344 /* Release */,
			);
			defaultConfigurationIsVisible = 0;
			defaultConfigurationName = Release;
		};
		82086B1B28D2B58500EEF344 /* Build configuration list for PBXNativeTarget "Cards" */ = {
			isa = XCConfigurationList;
			buildConfigurations = (
				82086B1C28D2B58500EEF344 /* Debug */,
				82086B1D28D2B58500EEF344 /* Release */,
			);
			defaultConfigurationIsVisible = 0;
			defaultConfigurationName = Release;
		};
/* End XCConfigurationList section */
	};
	rootObject = 82086B0528D2B58400EEF344 /* Project object */;
}
