// !$*UTF8*$!
{
	archiveVersion = 1;
	classes = {
	};
	objectVersion = 56;
	objects = {

/* Begin PBXBuildFile section */
		827B5A09290393F10085769E /* ResizableView.swift in Sources */ = {isa = PBXBuildFile; fileRef = 827B5A08290393F10085769E /* ResizableView.swift */; };
		827B5A0C290394380085769E /* Transform.swift in Sources */ = {isa = PBXBuildFile; fileRef = 827B5A0B290394380085769E /* Transform.swift */; };
		827B5A0E290395DF0085769E /* Operators.swift in Sources */ = {isa = PBXBuildFile; fileRef = 827B5A0D290395DF0085769E /* Operators.swift */; };
		827B5A122903991B0085769E /* Settings.swift in Sources */ = {isa = PBXBuildFile; fileRef = 827B5A112903991B0085769E /* Settings.swift */; };
		827B5A15290399980085769E /* ColorExtensions.swift in Sources */ = {isa = PBXBuildFile; fileRef = 827B5A14290399980085769E /* ColorExtensions.swift */; };
		827B5A1729039A7E0085769E /* CardToolbar.swift in Sources */ = {isa = PBXBuildFile; fileRef = 827B5A1629039A7E0085769E /* CardToolbar.swift */; };
		82B4E574290373670003C6DE /* CardsApp.swift in Sources */ = {isa = PBXBuildFile; fileRef = 82B4E573290373670003C6DE /* CardsApp.swift */; };
		82B4E576290373670003C6DE /* ContentView.swift in Sources */ = {isa = PBXBuildFile; fileRef = 82B4E575290373670003C6DE /* ContentView.swift */; };
		82B4E578290373670003C6DE /* Assets.xcassets in Resources */ = {isa = PBXBuildFile; fileRef = 82B4E577290373670003C6DE /* Assets.xcassets */; };
		82B4E57B290373670003C6DE /* Preview Assets.xcassets in Resources */ = {isa = PBXBuildFile; fileRef = 82B4E57A290373670003C6DE /* Preview Assets.xcassets */; };
		82B4E5822903783F0003C6DE /* CardsListView.swift in Sources */ = {isa = PBXBuildFile; fileRef = 82B4E5812903783F0003C6DE /* CardsListView.swift */; };
		82B4E584290378C30003C6DE /* CardThumbnail.swift in Sources */ = {isa = PBXBuildFile; fileRef = 82B4E583290378C30003C6DE /* CardThumbnail.swift */; };
		82B4E586290379220003C6DE /* SingleCardView.swift in Sources */ = {isa = PBXBuildFile; fileRef = 82B4E585290379220003C6DE /* SingleCardView.swift */; };
		82B4E58829037AE70003C6DE /* ToolbarSelection.swift in Sources */ = {isa = PBXBuildFile; fileRef = 82B4E58729037AE70003C6DE /* ToolbarSelection.swift */; };
		82B4E58A29037B180003C6DE /* BottomToolbar.swift in Sources */ = {isa = PBXBuildFile; fileRef = 82B4E58929037B180003C6DE /* BottomToolbar.swift */; };
/* End PBXBuildFile section */

/* Begin PBXFileReference section */
		827B5A08290393F10085769E /* ResizableView.swift */ = {isa = PBXFileReference; lastKnownFileType = sourcecode.swift; path = ResizableView.swift; sourceTree = "<group>"; };
		827B5A0B290394380085769E /* Transform.swift */ = {isa = PBXFileReference; lastKnownFileType = sourcecode.swift; path = Transform.swift; sourceTree = "<group>"; };
		827B5A0D290395DF0085769E /* Operators.swift */ = {isa = PBXFileReference; lastKnownFileType = sourcecode.swift; path = Operators.swift; sourceTree = "<group>"; };
		827B5A112903991B0085769E /* Settings.swift */ = {isa = PBXFileReference; lastKnownFileType = sourcecode.swift; path = Settings.swift; sourceTree = "<group>"; };
		827B5A14290399980085769E /* ColorExtensions.swift */ = {isa = PBXFileReference; lastKnownFileType = sourcecode.swift; path = ColorExtensions.swift; sourceTree = "<group>"; };
		827B5A1629039A7E0085769E /* CardToolbar.swift */ = {isa = PBXFileReference; lastKnownFileType = sourcecode.swift; path = CardToolbar.swift; sourceTree = "<group>"; };
		82B4E570290373670003C6DE /* Cards.app */ = {isa = PBXFileReference; explicitFileType = wrapper.application; includeInIndex = 0; path = Cards.app; sourceTree = BUILT_PRODUCTS_DIR; };
		82B4E573290373670003C6DE /* CardsApp.swift */ = {isa = PBXFileReference; lastKnownFileType = sourcecode.swift; path = CardsApp.swift; sourceTree = "<group>"; };
		82B4E575290373670003C6DE /* ContentView.swift */ = {isa = PBXFileReference; lastKnownFileType = sourcecode.swift; path = ContentView.swift; sourceTree = "<group>"; };
		82B4E577290373670003C6DE /* Assets.xcassets */ = {isa = PBXFileReference; lastKnownFileType = folder.assetcatalog; path = Assets.xcassets; sourceTree = "<group>"; };
		82B4E57A290373670003C6DE /* Preview Assets.xcassets */ = {isa = PBXFileReference; lastKnownFileType = folder.assetcatalog; path = "Preview Assets.xcassets"; sourceTree = "<group>"; };
		82B4E5812903783F0003C6DE /* CardsListView.swift */ = {isa = PBXFileReference; lastKnownFileType = sourcecode.swift; path = CardsListView.swift; sourceTree = "<group>"; };
		82B4E583290378C30003C6DE /* CardThumbnail.swift */ = {isa = PBXFileReference; lastKnownFileType = sourcecode.swift; path = CardThumbnail.swift; sourceTree = "<group>"; };
		82B4E585290379220003C6DE /* SingleCardView.swift */ = {isa = PBXFileReference; lastKnownFileType = sourcecode.swift; path = SingleCardView.swift; sourceTree = "<group>"; };
		82B4E58729037AE70003C6DE /* ToolbarSelection.swift */ = {isa = PBXFileReference; lastKnownFileType = sourcecode.swift; path = ToolbarSelection.swift; sourceTree = "<group>"; };
		82B4E58929037B180003C6DE /* BottomToolbar.swift */ = {isa = PBXFileReference; lastKnownFileType = sourcecode.swift; path = BottomToolbar.swift; sourceTree = "<group>"; };
/* End PBXFileReference section */

/* Begin PBXFrameworksBuildPhase section */
		82B4E56D290373670003C6DE /* Frameworks */ = {
			isa = PBXFrameworksBuildPhase;
			buildActionMask = 2147483647;
			files = (
			);
			runOnlyForDeploymentPostprocessing = 0;
		};
/* End PBXFrameworksBuildPhase section */

/* Begin PBXGroup section */
		827B5A0A290394280085769E /* Model */ = {
			isa = PBXGroup;
			children = (
				827B5A0B290394380085769E /* Transform.swift */,
				827B5A0D290395DF0085769E /* Operators.swift */,
			);
			path = Model;
			sourceTree = "<group>";
		};
		827B5A10290399050085769E /* Config */ = {
			isa = PBXGroup;
			children = (
				827B5A112903991B0085769E /* Settings.swift */,
			);
			path = Config;
			sourceTree = "<group>";
		};
		827B5A13290399880085769E /* Extensions */ = {
			isa = PBXGroup;
			children = (
				827B5A14290399980085769E /* ColorExtensions.swift */,
			);
			path = Extensions;
			sourceTree = "<group>";
		};
		82B4E567290373670003C6DE = {
			isa = PBXGroup;
			children = (
				82B4E572290373670003C6DE /* Cards */,
				82B4E571290373670003C6DE /* Products */,
			);
			sourceTree = "<group>";
		};
		82B4E571290373670003C6DE /* Products */ = {
			isa = PBXGroup;
			children = (
				82B4E570290373670003C6DE /* Cards.app */,
			);
			name = Products;
			sourceTree = "<group>";
		};
		82B4E572290373670003C6DE /* Cards */ = {
			isa = PBXGroup;
			children = (
				82B4E573290373670003C6DE /* CardsApp.swift */,
				82B4E58B29038F950003C6DE /* Views */,
				827B5A0A290394280085769E /* Model */,
				82B4E577290373670003C6DE /* Assets.xcassets */,
				827B5A13290399880085769E /* Extensions */,
				827B5A10290399050085769E /* Config */,
				82B4E579290373670003C6DE /* Preview Content */,
			);
			path = Cards;
			sourceTree = "<group>";
		};
		82B4E579290373670003C6DE /* Preview Content */ = {
			isa = PBXGroup;
			children = (
				82B4E57A290373670003C6DE /* Preview Assets.xcassets */,
			);
			path = "Preview Content";
			sourceTree = "<group>";
		};
		82B4E58B29038F950003C6DE /* Views */ = {
			isa = PBXGroup;
			children = (
				82B4E575290373670003C6DE /* ContentView.swift */,
				82B4E5812903783F0003C6DE /* CardsListView.swift */,
				82B4E583290378C30003C6DE /* CardThumbnail.swift */,
				827B5A08290393F10085769E /* ResizableView.swift */,
				82B4E58C29038FBC0003C6DE /* Single Card Views */,
			);
			path = Views;
			sourceTree = "<group>";
		};
		82B4E58C29038FBC0003C6DE /* Single Card Views */ = {
			isa = PBXGroup;
			children = (
				82B4E585290379220003C6DE /* SingleCardView.swift */,
				82B4E58929037B180003C6DE /* BottomToolbar.swift */,
				82B4E58729037AE70003C6DE /* ToolbarSelection.swift */,
				827B5A1629039A7E0085769E /* CardToolbar.swift */,
			);
			path = "Single Card Views";
			sourceTree = "<group>";
		};
/* End PBXGroup section */

/* Begin PBXNativeTarget section */
		82B4E56F290373670003C6DE /* Cards */ = {
			isa = PBXNativeTarget;
			buildConfigurationList = 82B4E57E290373670003C6DE /* Build configuration list for PBXNativeTarget "Cards" */;
			buildPhases = (
				82B4E56C290373670003C6DE /* Sources */,
				82B4E56D290373670003C6DE /* Frameworks */,
				82B4E56E290373670003C6DE /* Resources */,
				827B5A06290393300085769E /* Run Lint Script */,
			);
			buildRules = (
			);
			dependencies = (
			);
			name = Cards;
			productName = Cards;
			productReference = 82B4E570290373670003C6DE /* Cards.app */;
			productType = "com.apple.product-type.application";
		};
/* End PBXNativeTarget section */

/* Begin PBXProject section */
		82B4E568290373670003C6DE /* Project object */ = {
			isa = PBXProject;
			attributes = {
				BuildIndependentTargetsInParallel = 1;
				LastSwiftUpdateCheck = 1400;
				LastUpgradeCheck = 1400;
				TargetAttributes = {
					82B4E56F290373670003C6DE = {
						CreatedOnToolsVersion = 14.0.1;
					};
				};
			};
			buildConfigurationList = 82B4E56B290373670003C6DE /* Build configuration list for PBXProject "Cards" */;
			compatibilityVersion = "Xcode 14.0";
			developmentRegion = en;
			hasScannedForEncodings = 0;
			knownRegions = (
				en,
				Base,
			);
			mainGroup = 82B4E567290373670003C6DE;
			productRefGroup = 82B4E571290373670003C6DE /* Products */;
			projectDirPath = "";
			projectRoot = "";
			targets = (
				82B4E56F290373670003C6DE /* Cards */,
			);
		};
/* End PBXProject section */

/* Begin PBXResourcesBuildPhase section */
		82B4E56E290373670003C6DE /* Resources */ = {
			isa = PBXResourcesBuildPhase;
			buildActionMask = 2147483647;
			files = (
				82B4E57B290373670003C6DE /* Preview Assets.xcassets in Resources */,
				82B4E578290373670003C6DE /* Assets.xcassets in Resources */,
			);
			runOnlyForDeploymentPostprocessing = 0;
		};
/* End PBXResourcesBuildPhase section */

/* Begin PBXShellScriptBuildPhase section */
		827B5A06290393300085769E /* Run Lint Script */ = {
			isa = PBXShellScriptBuildPhase;
			alwaysOutOfDate = 1;
			buildActionMask = 2147483647;
			files = (
			);
			inputFileListPaths = (
			);
			inputPaths = (
			);
			name = "Run Lint Script";
			outputFileListPaths = (
			);
			outputPaths = (
			);
			runOnlyForDeploymentPostprocessing = 0;
			shellPath = /bin/sh;
			shellScript = "PATH=/opt/homebrew/bin:$PATH\nif [ -f ~/com.raywenderlich.swiftlint.yml ]; then\n  if which swiftlint >/dev/null; then\n    swiftlint --no-cache --config ~/com.raywenderlich.swiftlint.yml\n  fi\nfi\n";
		};
/* End PBXShellScriptBuildPhase section */

/* Begin PBXSourcesBuildPhase section */
		82B4E56C290373670003C6DE /* Sources */ = {
			isa = PBXSourcesBuildPhase;
			buildActionMask = 2147483647;
			files = (
				82B4E584290378C30003C6DE /* CardThumbnail.swift in Sources */,
				827B5A0E290395DF0085769E /* Operators.swift in Sources */,
				827B5A1729039A7E0085769E /* CardToolbar.swift in Sources */,
				82B4E576290373670003C6DE /* ContentView.swift in Sources */,
				827B5A09290393F10085769E /* ResizableView.swift in Sources */,
				82B4E5822903783F0003C6DE /* CardsListView.swift in Sources */,
				82B4E586290379220003C6DE /* SingleCardView.swift in Sources */,
				82B4E58829037AE70003C6DE /* ToolbarSelection.swift in Sources */,
				82B4E58A29037B180003C6DE /* BottomToolbar.swift in Sources */,
				827B5A0C290394380085769E /* Transform.swift in Sources */,
				827B5A122903991B0085769E /* Settings.swift in Sources */,
				82B4E574290373670003C6DE /* CardsApp.swift in Sources */,
				827B5A15290399980085769E /* ColorExtensions.swift in Sources */,
			);
			runOnlyForDeploymentPostprocessing = 0;
		};
/* End PBXSourcesBuildPhase section */

/* Begin XCBuildConfiguration section */
		82B4E57C290373670003C6DE /* Debug */ = {
			isa = XCBuildConfiguration;
			buildSettings = {
				ALWAYS_SEARCH_USER_PATHS = NO;
				CLANG_ANALYZER_NONNULL = YES;
				CLANG_ANALYZER_NUMBER_OBJECT_CONVERSION = YES_AGGRESSIVE;
				CLANG_CXX_LANGUAGE_STANDARD = "gnu++20";
				CLANG_ENABLE_MODULES = YES;
				CLANG_ENABLE_OBJC_ARC = YES;
				CLANG_ENABLE_OBJC_WEAK = YES;
				CLANG_WARN_BLOCK_CAPTURE_AUTORELEASING = YES;
				CLANG_WARN_BOOL_CONVERSION = YES;
				CLANG_WARN_COMMA = YES;
				CLANG_WARN_CONSTANT_CONVERSION = YES;
				CLANG_WARN_DEPRECATED_OBJC_IMPLEMENTATIONS = YES;
				CLANG_WARN_DIRECT_OBJC_ISA_USAGE = YES_ERROR;
				CLANG_WARN_DOCUMENTATION_COMMENTS = YES;
				CLANG_WARN_EMPTY_BODY = YES;
				CLANG_WARN_ENUM_CONVERSION = YES;
				CLANG_WARN_INFINITE_RECURSION = YES;
				CLANG_WARN_INT_CONVERSION = YES;
				CLANG_WARN_NON_LITERAL_NULL_CONVERSION = YES;
				CLANG_WARN_OBJC_IMPLICIT_RETAIN_SELF = YES;
				CLANG_WARN_OBJC_LITERAL_CONVERSION = YES;
				CLANG_WARN_OBJC_ROOT_CLASS = YES_ERROR;
				CLANG_WARN_QUOTED_INCLUDE_IN_FRAMEWORK_HEADER = YES;
				CLANG_WARN_RANGE_LOOP_ANALYSIS = YES;
				CLANG_WARN_STRICT_PROTOTYPES = YES;
				CLANG_WARN_SUSPICIOUS_MOVE = YES;
				CLANG_WARN_UNGUARDED_AVAILABILITY = YES_AGGRESSIVE;
				CLANG_WARN_UNREACHABLE_CODE = YES;
				CLANG_WARN__DUPLICATE_METHOD_MATCH = YES;
				COPY_PHASE_STRIP = NO;
				DEBUG_INFORMATION_FORMAT = dwarf;
				ENABLE_STRICT_OBJC_MSGSEND = YES;
				ENABLE_TESTABILITY = YES;
				GCC_C_LANGUAGE_STANDARD = gnu11;
				GCC_DYNAMIC_NO_PIC = NO;
				GCC_NO_COMMON_BLOCKS = YES;
				GCC_OPTIMIZATION_LEVEL = 0;
				GCC_PREPROCESSOR_DEFINITIONS = (
					"DEBUG=1",
					"$(inherited)",
				);
				GCC_WARN_64_TO_32_BIT_CONVERSION = YES;
				GCC_WARN_ABOUT_RETURN_TYPE = YES_ERROR;
				GCC_WARN_UNDECLARED_SELECTOR = YES;
				GCC_WARN_UNINITIALIZED_AUTOS = YES_AGGRESSIVE;
				GCC_WARN_UNUSED_FUNCTION = YES;
				GCC_WARN_UNUSED_VARIABLE = YES;
				IPHONEOS_DEPLOYMENT_TARGET = 16.0;
				MTL_ENABLE_DEBUG_INFO = INCLUDE_SOURCE;
				MTL_FAST_MATH = YES;
				ONLY_ACTIVE_ARCH = YES;
				SDKROOT = iphoneos;
				SWIFT_ACTIVE_COMPILATION_CONDITIONS = DEBUG;
				SWIFT_OPTIMIZATION_LEVEL = "-Onone";
			};
			name = Debug;
		};
		82B4E57D290373670003C6DE /* Release */ = {
			isa = XCBuildConfiguration;
			buildSettings = {
				ALWAYS_SEARCH_USER_PATHS = NO;
				CLANG_ANALYZER_NONNULL = YES;
				CLANG_ANALYZER_NUMBER_OBJECT_CONVERSION = YES_AGGRESSIVE;
				CLANG_CXX_LANGUAGE_STANDARD = "gnu++20";
				CLANG_ENABLE_MODULES = YES;
				CLANG_ENABLE_OBJC_ARC = YES;
				CLANG_ENABLE_OBJC_WEAK = YES;
				CLANG_WARN_BLOCK_CAPTURE_AUTORELEASING = YES;
				CLANG_WARN_BOOL_CONVERSION = YES;
				CLANG_WARN_COMMA = YES;
				CLANG_WARN_CONSTANT_CONVERSION = YES;
				CLANG_WARN_DEPRECATED_OBJC_IMPLEMENTATIONS = YES;
				CLANG_WARN_DIRECT_OBJC_ISA_USAGE = YES_ERROR;
				CLANG_WARN_DOCUMENTATION_COMMENTS = YES;
				CLANG_WARN_EMPTY_BODY = YES;
				CLANG_WARN_ENUM_CONVERSION = YES;
				CLANG_WARN_INFINITE_RECURSION = YES;
				CLANG_WARN_INT_CONVERSION = YES;
				CLANG_WARN_NON_LITERAL_NULL_CONVERSION = YES;
				CLANG_WARN_OBJC_IMPLICIT_RETAIN_SELF = YES;
				CLANG_WARN_OBJC_LITERAL_CONVERSION = YES;
				CLANG_WARN_OBJC_ROOT_CLASS = YES_ERROR;
				CLANG_WARN_QUOTED_INCLUDE_IN_FRAMEWORK_HEADER = YES;
				CLANG_WARN_RANGE_LOOP_ANALYSIS = YES;
				CLANG_WARN_STRICT_PROTOTYPES = YES;
				CLANG_WARN_SUSPICIOUS_MOVE = YES;
				CLANG_WARN_UNGUARDED_AVAILABILITY = YES_AGGRESSIVE;
				CLANG_WARN_UNREACHABLE_CODE = YES;
				CLANG_WARN__DUPLICATE_METHOD_MATCH = YES;
				COPY_PHASE_STRIP = NO;
				DEBUG_INFORMATION_FORMAT = "dwarf-with-dsym";
				ENABLE_NS_ASSERTIONS = NO;
				ENABLE_STRICT_OBJC_MSGSEND = YES;
				GCC_C_LANGUAGE_STANDARD = gnu11;
				GCC_NO_COMMON_BLOCKS = YES;
				GCC_WARN_64_TO_32_BIT_CONVERSION = YES;
				GCC_WARN_ABOUT_RETURN_TYPE = YES_ERROR;
				GCC_WARN_UNDECLARED_SELECTOR = YES;
				GCC_WARN_UNINITIALIZED_AUTOS = YES_AGGRESSIVE;
				GCC_WARN_UNUSED_FUNCTION = YES;
				GCC_WARN_UNUSED_VARIABLE = YES;
				IPHONEOS_DEPLOYMENT_TARGET = 16.0;
				MTL_ENABLE_DEBUG_INFO = NO;
				MTL_FAST_MATH = YES;
				SDKROOT = iphoneos;
				SWIFT_COMPILATION_MODE = wholemodule;
				SWIFT_OPTIMIZATION_LEVEL = "-O";
				VALIDATE_PRODUCT = YES;
			};
			name = Release;
		};
		82B4E57F290373670003C6DE /* Debug */ = {
			isa = XCBuildConfiguration;
			buildSettings = {
				ASSETCATALOG_COMPILER_APPICON_NAME = AppIcon;
				ASSETCATALOG_COMPILER_GLOBAL_ACCENT_COLOR_NAME = AccentColor;
				CODE_SIGN_STYLE = Automatic;
				CURRENT_PROJECT_VERSION = 1;
				DEVELOPMENT_ASSET_PATHS = "\"Cards/Preview Content\"";
				DEVELOPMENT_TEAM = "";
				ENABLE_PREVIEWS = YES;
				GENERATE_INFOPLIST_FILE = YES;
				INFOPLIST_KEY_UIApplicationSceneManifest_Generation = YES;
				INFOPLIST_KEY_UIApplicationSupportsIndirectInputEvents = YES;
				INFOPLIST_KEY_UILaunchScreen_Generation = YES;
				INFOPLIST_KEY_UISupportedInterfaceOrientations_iPad = "UIInterfaceOrientationPortrait UIInterfaceOrientationPortraitUpsideDown UIInterfaceOrientationLandscapeLeft UIInterfaceOrientationLandscapeRight";
				INFOPLIST_KEY_UISupportedInterfaceOrientations_iPhone = "UIInterfaceOrientationPortrait UIInterfaceOrientationLandscapeLeft UIInterfaceOrientationLandscapeRight";
				LD_RUNPATH_SEARCH_PATHS = (
					"$(inherited)",
					"@executable_path/Frameworks",
				);
				MARKETING_VERSION = 1.0;
				PRODUCT_BUNDLE_IDENTIFIER = Kodeco.Cards;
				PRODUCT_NAME = "$(TARGET_NAME)";
				SWIFT_EMIT_LOC_STRINGS = YES;
				SWIFT_VERSION = 5.0;
				TARGETED_DEVICE_FAMILY = "1,2";
			};
			name = Debug;
		};
		82B4E580290373670003C6DE /* Release */ = {
			isa = XCBuildConfiguration;
			buildSettings = {
				ASSETCATALOG_COMPILER_APPICON_NAME = AppIcon;
				ASSETCATALOG_COMPILER_GLOBAL_ACCENT_COLOR_NAME = AccentColor;
				CODE_SIGN_STYLE = Automatic;
				CURRENT_PROJECT_VERSION = 1;
				DEVELOPMENT_ASSET_PATHS = "\"Cards/Preview Content\"";
				DEVELOPMENT_TEAM = "";
				ENABLE_PREVIEWS = YES;
				GENERATE_INFOPLIST_FILE = YES;
				INFOPLIST_KEY_UIApplicationSceneManifest_Generation = YES;
				INFOPLIST_KEY_UIApplicationSupportsIndirectInputEvents = YES;
				INFOPLIST_KEY_UILaunchScreen_Generation = YES;
				INFOPLIST_KEY_UISupportedInterfaceOrientations_iPad = "UIInterfaceOrientationPortrait UIInterfaceOrientationPortraitUpsideDown UIInterfaceOrientationLandscapeLeft UIInterfaceOrientationLandscapeRight";
				INFOPLIST_KEY_UISupportedInterfaceOrientations_iPhone = "UIInterfaceOrientationPortrait UIInterfaceOrientationLandscapeLeft UIInterfaceOrientationLandscapeRight";
				LD_RUNPATH_SEARCH_PATHS = (
					"$(inherited)",
					"@executable_path/Frameworks",
				);
				MARKETING_VERSION = 1.0;
				PRODUCT_BUNDLE_IDENTIFIER = Kodeco.Cards;
				PRODUCT_NAME = "$(TARGET_NAME)";
				SWIFT_EMIT_LOC_STRINGS = YES;
				SWIFT_VERSION = 5.0;
				TARGETED_DEVICE_FAMILY = "1,2";
			};
			name = Release;
		};
/* End XCBuildConfiguration section */

/* Begin XCConfigurationList section */
		82B4E56B290373670003C6DE /* Build configuration list for PBXProject "Cards" */ = {
			isa = XCConfigurationList;
			buildConfigurations = (
				82B4E57C290373670003C6DE /* Debug */,
				82B4E57D290373670003C6DE /* Release */,
			);
			defaultConfigurationIsVisible = 0;
			defaultConfigurationName = Release;
		};
		82B4E57E290373670003C6DE /* Build configuration list for PBXNativeTarget "Cards" */ = {
			isa = XCConfigurationList;
			buildConfigurations = (
				82B4E57F290373670003C6DE /* Debug */,
				82B4E580290373670003C6DE /* Release */,
			);
			defaultConfigurationIsVisible = 0;
			defaultConfigurationName = Release;
		};
/* End XCConfigurationList section */
	};
	rootObject = 82B4E568290373670003C6DE /* Project object */;
}
